{
    "_readme": [
        "This file locks the dependencies of your project to a known state",
        "Read more about it at https://getcomposer.org/doc/01-basic-usage.md#installing-dependencies",
        "This file is @generated automatically"
    ],
    "content-hash": "dac6eb1fe8850276089300942ff65e32",
    "packages": [
        {
            "name": "losthost/db",
            "version": "v1.5.0",
            "source": {
                "type": "git",
                "url": "https://github.com/Datahider/DB.git",
                "reference": "2a1db0a98750b3a69d78a42f1f880518ee9d6b2d"
            },
            "dist": {
                "type": "zip",
                "url": "https://api.github.com/repos/Datahider/DB/zipball/2a1db0a98750b3a69d78a42f1f880518ee9d6b2d",
                "reference": "2a1db0a98750b3a69d78a42f1f880518ee9d6b2d",
                "shasum": ""
            },
            "require": {
                "losthost/self-testing-suite": ">=1.1.0",
                "php": ">=8.2.10"
            },
            "type": "class",
            "autoload": {
                "psr-4": {
                    "losthost\\DB\\": "src"
                }
            },
            "notification-url": "https://packagist.org/downloads/",
            "license": [
                "MIT"
            ],
            "authors": [
                {
                    "name": "Peter Ioannidis",
                    "email": "pio@pio.su",
                    "homepage": "https://i.pio.su",
                    "role": "Ideologist"
                }
            ],
            "description": "Database access with so called DB Objects (descendants of class DBObject)",
            "homepage": "https://github.com/datahider/DB",
            "keywords": [
                "database",
                "db"
            ],
            "support": {
                "issues": "https://github.com/Datahider/DB/issues",
                "source": "https://github.com/Datahider/DB/tree/v1.5.0"
            },
            "time": "2023-09-16T14:50:00+00:00"
        },
        {
            "name": "losthost/self-testing-suite",
            "version": "v1.1.0",
            "source": {
                "type": "git",
                "url": "https://github.com/Datahider/lhTestingSuite.git",
                "reference": "65404736a00189811a11f901a22a9597edad7bb0"
            },
            "dist": {
                "type": "zip",
                "url": "https://api.github.com/repos/Datahider/lhTestingSuite/zipball/65404736a00189811a11f901a22a9597edad7bb0",
                "reference": "65404736a00189811a11f901a22a9597edad7bb0",
                "shasum": ""
            },
            "require": {
                "php": ">=8.2.10"
            },
            "type": "library",
            "autoload": {
                "psr-4": {
                    "losthost\\SelfTestingSuite\\": "src"
                }
            },
            "notification-url": "https://packagist.org/downloads/",
            "authors": [
                {
                    "name": "Petros Ioannidis",
                    "email": "pio@pio.su"
                }
            ],
            "description": "A parrent class for self-testing classes",
            "support": {
                "issues": "https://github.com/Datahider/lhTestingSuite/issues",
                "source": "https://github.com/Datahider/lhTestingSuite/tree/v1.1.0"
            },
            "time": "2023-09-16T14:42:11+00:00"
        },
        {
            "name": "telegram-bot/api",
            "version": "v2.5.0",
            "source": {
                "type": "git",
                "url": "https://github.com/TelegramBot/Api.git",
                "reference": "eaae3526223db49a1bad76a2dfa501dc287979cf"
            },
            "dist": {
                "type": "zip",
                "url": "https://api.github.com/repos/TelegramBot/Api/zipball/eaae3526223db49a1bad76a2dfa501dc287979cf",
                "reference": "eaae3526223db49a1bad76a2dfa501dc287979cf",
                "shasum": ""
            },
            "require": {
                "ext-curl": "*",
                "ext-json": "*",
                "php": ">=5.5.0"
            },
            "require-dev": {
                "friendsofphp/php-cs-fixer": "^3.16",
                "symfony/phpunit-bridge": "*",
                "vimeo/psalm": "^5.9"
            },
            "type": "library",
            "extra": {
                "branch-alias": {
                    "dev-master": "2.5-dev"
                }
            },
            "autoload": {
                "psr-4": {
                    "TelegramBot\\Api\\": "src"
                }
            },
            "notification-url": "https://packagist.org/downloads/",
            "license": [
                "MIT"
            ],
            "authors": [
                {
                    "name": "Ilya Gusev",
                    "email": "mail@igusev.ru",
                    "homepage": "https://php-cat.com",
                    "role": "Developer"
                }
            ],
            "description": "PHP Wrapper for Telegram Bot API",
            "homepage": "https://github.com/TelegramBot/Api",
            "keywords": [
                "bot",
                "bot api",
                "php",
                "telegram"
            ],
            "support": {
                "issues": "https://github.com/TelegramBot/Api/issues",
                "source": "https://github.com/TelegramBot/Api/tree/v2.5.0"
            },
            "time": "2023-08-09T13:53:12+00:00"
        }
    ],
    "packages-dev": [],
    "aliases": [],
    "minimum-stability": "stable",
    "stability-flags": [],
    "prefer-stable": false,
    "prefer-lowest": false,
    "platform": {
        "php": ">=8.2.10"
    },
    "platform-dev": [],
    "plugin-api-version": "2.3.0"
}
