{
    "_readme": [
        "This file locks the dependencies of your project to a known state",
        "Read more about it at https://getcomposer.org/doc/01-basic-usage.md#installing-dependencies",
        "This file is @generated automatically"
    ],
    "content-hash": "474ecba4d10e847d5d8a22e54a319039",
    "packages": [
        {
            "name": "dragonmantank/cron-expression",
            "version": "v3.3.3",
            "source": {
                "type": "git",
                "url": "https://github.com/dragonmantank/cron-expression.git",
                "reference": "adfb1f505deb6384dc8b39804c5065dd3c8c8c0a"
            },
            "dist": {
                "type": "zip",
                "url": "https://api.github.com/repos/dragonmantank/cron-expression/zipball/adfb1f505deb6384dc8b39804c5065dd3c8c8c0a",
                "reference": "adfb1f505deb6384dc8b39804c5065dd3c8c8c0a",
                "shasum": ""
            },
            "require": {
                "php": "^7.2|^8.0",
                "webmozart/assert": "^1.0"
            },
            "replace": {
                "mtdowling/cron-expression": "^1.0"
            },
            "require-dev": {
                "phpstan/extension-installer": "^1.0",
                "phpstan/phpstan": "^1.0",
                "phpstan/phpstan-webmozart-assert": "^1.0",
                "phpunit/phpunit": "^7.0|^8.0|^9.0"
            },
            "type": "library",
            "autoload": {
                "psr-4": {
                    "Cron\\": "src/Cron/"
                }
            },
            "notification-url": "https://packagist.org/downloads/",
            "license": [
                "MIT"
            ],
            "authors": [
                {
                    "name": "Chris Tankersley",
                    "email": "chris@ctankersley.com",
                    "homepage": "https://github.com/dragonmantank"
                }
            ],
            "description": "CRON for PHP: Calculate the next or previous run date and determine if a CRON expression is due",
            "keywords": [
                "cron",
                "schedule"
            ],
            "support": {
                "issues": "https://github.com/dragonmantank/cron-expression/issues",
                "source": "https://github.com/dragonmantank/cron-expression/tree/v3.3.3"
            },
            "funding": [
                {
                    "url": "https://github.com/dragonmantank",
                    "type": "github"
                }
            ],
            "time": "2023-08-10T19:36:49+00:00"
        },
        {
            "name": "losthost/db",
            "version": "v2.0.1",
            "source": {
                "type": "git",
                "url": "https://github.com/Datahider/DB.git",
                "reference": "9b5cca98c751de350a64e5c1ba8f7602b1b51e7a"
            },
            "dist": {
                "type": "zip",
                "url": "https://api.github.com/repos/Datahider/DB/zipball/9b5cca98c751de350a64e5c1ba8f7602b1b51e7a",
                "reference": "9b5cca98c751de350a64e5c1ba8f7602b1b51e7a",
                "shasum": ""
            },
            "require": {
                "losthost/self-testing-suite": ">=1.1.0",
                "php": "^8.1.1"
            },
            "type": "class",
            "autoload": {
                "psr-4": {
                    "losthost\\DB\\": "src"
                }
            },
            "notification-url": "https://packagist.org/downloads/",
            "license": [
                "MIT"
            ],
            "authors": [
                {
                    "name": "Peter Ioannidis",
                    "email": "pio@pio.su",
                    "homepage": "https://i.pio.su",
                    "role": "Ideologist"
                }
            ],
            "description": "Database access with so called DB Objects (descendants of class DBObject)",
            "homepage": "https://github.com/datahider/DB",
            "keywords": [
                "database",
                "db"
            ],
            "support": {
                "issues": "https://github.com/Datahider/DB/issues",
                "source": "https://github.com/Datahider/DB/tree/v2.0.1"
            },
            "time": "2023-10-12T01:18:28+00:00"
        },
        {
            "name": "losthost/self-testing-suite",
            "version": "v1.1.1",
            "source": {
                "type": "git",
                "url": "https://github.com/Datahider/lhTestingSuite.git",
                "reference": "6e948f888e4ed9a5cb55b3135057846cf5467e0e"
            },
            "dist": {
                "type": "zip",
                "url": "https://api.github.com/repos/Datahider/lhTestingSuite/zipball/6e948f888e4ed9a5cb55b3135057846cf5467e0e",
                "reference": "6e948f888e4ed9a5cb55b3135057846cf5467e0e",
                "shasum": ""
            },
            "require": {
                "php": "^8.1.1"
            },
            "type": "library",
            "autoload": {
                "psr-4": {
                    "losthost\\SelfTestingSuite\\": "src"
                }
            },
            "notification-url": "https://packagist.org/downloads/",
            "authors": [
                {
                    "name": "Petros Ioannidis",
                    "email": "pio@pio.su"
                }
            ],
            "description": "A parrent class for self-testing classes",
            "support": {
                "issues": "https://github.com/Datahider/lhTestingSuite/issues",
                "source": "https://github.com/Datahider/lhTestingSuite/tree/v1.1.1"
            },
            "time": "2023-10-16T16:41:11+00:00"
        },
        {
            "name": "telegram-bot/api",
            "version": "dev-master",
            "source": {
                "type": "git",
                "url": "https://github.com/TelegramBot/Api.git",
                "reference": "fcc024143015fbb522ae602f307cdd562833befb"
            },
            "dist": {
                "type": "zip",
                "url": "https://api.github.com/repos/TelegramBot/Api/zipball/fcc024143015fbb522ae602f307cdd562833befb",
                "reference": "fcc024143015fbb522ae602f307cdd562833befb",
                "shasum": ""
            },
            "require": {
                "ext-curl": "*",
                "ext-json": "*",
                "php": ">=5.5.0"
            },
            "require-dev": {
                "friendsofphp/php-cs-fixer": "~3.28.0",
                "guzzlehttp/guzzle": "^7.0",
                "php-http/multipart-stream-builder": "^1.0",
                "psr/http-client": "^1.0",
                "psr/http-factory": "^1.0",
                "symfony/http-client": "^4.3 | ^5.0 | ^6.0",
                "symfony/mime": "^4.3 | ^5.0 | ^6.0",
                "symfony/phpunit-bridge": "*",
                "vimeo/psalm": "^5.9"
            },
            "suggest": {
                "guzzlehttp/guzzle": "To use guzzlehttp/guzzle psr implementation",
                "php-http/multipart-stream-builder": "To use psr/http-client",
                "psr/http-client": "To use psr/http-client",
                "psr/http-factory": "To use psr/http-client",
                "symfony/http-client": "To use symfony/http-client",
                "symfony/mime": "To use symfony/http-client"
            },
            "default-branch": true,
            "type": "library",
            "extra": {
                "branch-alias": {
                    "dev-master": "2.6-dev"
                }
            },
            "autoload": {
                "psr-4": {
                    "TelegramBot\\Api\\": "src"
                }
            },
            "notification-url": "https://packagist.org/downloads/",
            "license": [
                "MIT"
            ],
            "authors": [
                {
                    "name": "Ilya Gusev",
                    "email": "mail@igusev.ru",
                    "homepage": "https://php-cat.com",
                    "role": "Developer"
                }
            ],
            "description": "PHP Wrapper for Telegram Bot API",
            "homepage": "https://github.com/TelegramBot/Api",
            "keywords": [
                "bot",
                "bot api",
                "php",
                "telegram"
            ],
            "support": {
                "issues": "https://github.com/TelegramBot/Api/issues",
                "source": "https://github.com/TelegramBot/Api/tree/master"
            },
            "time": "2023-09-29T10:23:04+00:00"
        },
        {
            "name": "webmozart/assert",
            "version": "1.11.0",
            "source": {
                "type": "git",
                "url": "https://github.com/webmozarts/assert.git",
                "reference": "11cb2199493b2f8a3b53e7f19068fc6aac760991"
            },
            "dist": {
                "type": "zip",
                "url": "https://api.github.com/repos/webmozarts/assert/zipball/11cb2199493b2f8a3b53e7f19068fc6aac760991",
                "reference": "11cb2199493b2f8a3b53e7f19068fc6aac760991",
                "shasum": ""
            },
            "require": {
                "ext-ctype": "*",
                "php": "^7.2 || ^8.0"
            },
            "conflict": {
                "phpstan/phpstan": "<0.12.20",
                "vimeo/psalm": "<4.6.1 || 4.6.2"
            },
            "require-dev": {
                "phpunit/phpunit": "^8.5.13"
            },
            "type": "library",
            "extra": {
                "branch-alias": {
                    "dev-master": "1.10-dev"
                }
            },
            "autoload": {
                "psr-4": {
                    "Webmozart\\Assert\\": "src/"
                }
            },
            "notification-url": "https://packagist.org/downloads/",
            "license": [
                "MIT"
            ],
            "authors": [
                {
                    "name": "Bernhard Schussek",
                    "email": "bschussek@gmail.com"
                }
            ],
            "description": "Assertions to validate method input/output with nice error messages.",
            "keywords": [
                "assert",
                "check",
                "validate"
            ],
            "support": {
                "issues": "https://github.com/webmozarts/assert/issues",
                "source": "https://github.com/webmozarts/assert/tree/1.11.0"
            },
            "time": "2022-06-03T18:03:27+00:00"
        }
    ],
    "packages-dev": [],
    "aliases": [],
    "minimum-stability": "stable",
    "stability-flags": {
        "telegram-bot/api": 20
    },
    "prefer-stable": false,
    "prefer-lowest": false,
    "platform": {
        "php": ">=8.1.1"
    },
    "platform-dev": [],
    "plugin-api-version": "2.3.0"
}
